
Microsoft Visual Studio Solution File, Format Version 12.00
# Visual Studio Version 17
VisualStudioVersion = 17.10.35027.167
MinimumVisualStudioVersion = 10.0.40219.1
Project("{9A19103F-16F7-4668-BE54-9A1E7A4F7556}") = "PersonsMVC", "PersonsMVC.csproj", "{53BBD235-AB1A-4A44-894F-64ECDD3C0F61}"
EndProject
Project("{9A19103F-16F7-4668-BE54-9A1E7A4F7556}") = "PersonsClass", "..\PersonsClass\PersonsClass.csproj", "{9DDAB9A1-97D7-4844-B9FE-925BB30A5D57}"
EndProject
Global
	GlobalSection(SolutionConfigurationPlatforms) = preSolution
		Debug|Any CPU = Debug|Any CPU
		DebugLocal|Any CPU = DebugLocal|Any CPU
		Release|Any CPU = Release|Any CPU
	EndGlobalSection
	GlobalSection(ProjectConfigurationPlatforms) = postSolution
		{53BBD235-AB1A-4A44-894F-64ECDD3C0F61}.Debug|Any CPU.ActiveCfg = Debug|Any CPU
		{53BBD235-AB1A-4A44-894F-64ECDD3C0F61}.Debug|Any CPU.Build.0 = Debug|Any CPU
		{53BBD235-AB1A-4A44-894F-64ECDD3C0F61}.DebugLocal|Any CPU.ActiveCfg = Debug|Any CPU
		{53BBD235-AB1A-4A44-894F-64ECDD3C0F61}.DebugLocal|Any CPU.Build.0 = Debug|Any CPU
		{53BBD235-AB1A-4A44-894F-64ECDD3C0F61}.Release|Any CPU.ActiveCfg = Release|Any CPU
		{53BBD235-AB1A-4A44-894F-64ECDD3C0F61}.Release|Any CPU.Build.0 = Release|Any CPU
		{9DDAB9A1-97D7-4844-B9FE-925BB30A5D57}.Debug|Any CPU.ActiveCfg = Debug|Any CPU
		{9DDAB9A1-97D7-4844-B9FE-925BB30A5D57}.Debug|Any CPU.Build.0 = Debug|Any CPU
		{9DDAB9A1-97D7-4844-B9FE-925BB30A5D57}.DebugLocal|Any CPU.ActiveCfg = Debug|Any CPU
		{9DDAB9A1-97D7-4844-B9FE-925BB30A5D57}.DebugLocal|Any CPU.Build.0 = Debug|Any CPU
		{9DDAB9A1-97D7-4844-B9FE-925BB30A5D57}.Release|Any CPU.ActiveCfg = Release|Any CPU
		{9DDAB9A1-97D7-4844-B9FE-925BB30A5D57}.Release|Any CPU.Build.0 = Release|Any CPU
	EndGlobalSection
	GlobalSection(SolutionProperties) = preSolution
		HideSolutionNode = FALSE
	EndGlobalSection
	GlobalSection(ExtensibilityGlobals) = postSolution
		SolutionGuid = {56930C99-EDAA-45B2-BC9E-93291B79F75D}
	EndGlobalSection
EndGlobal
